{
    "_meta": {
        "hash": {
            "sha256": "f9362f636614e4681cbd0d030cef87fc6ac7ee02fe948513165ff4c59787938a"
        },
        "pipfile-spec": 6,
        "requires": {
            "python_version": "3.6"
        },
        "sources": [
            {
                "name": "pypi",
                "url": "https://pypi.python.org/simple",
                "verify_ssl": true
            }
        ]
    },
    "default": {
        "aenum": {
            "hashes": [
                "sha256:284ddb976413d97239a932d7e5202ba58d66e5dbd81531bf3033ebb36ec30b23",
                "sha256:a4334cabf47c167d44ab5a6198837b80deec5d5bad1b5cf70c966c3a330260e8",
                "sha256:d2bb6ea7586aaae889d3a5c332eafa851eeffe6e7068807c79b6c86c4326b938"
            ],
            "version": "==2.2.3"
        },
        "bunq-sdk": {
            "hashes": [
                "sha256:3a0fdbb578f64e3760011601c1bb660a6ef8c545c253ce4bcf0aa40120ca33c3"
            ],
            "index": "pypi",
            "version": "==1.13.1"
        },
        "certifi": {
            "hashes": [
                "sha256:35824b4c3a97115964b408844d64aa14db1cc518f6562e8d7261699d1350a9e3",
                "sha256:4ad3232f5e926d6718ec31cfc1fcadfde020920e278684144551c91769c7bc18"
            ],
            "index": "pypi",
            "version": "==2022.12.7"
        },
        "chardet": {
            "hashes": [
                "sha256:84ab92ed1c4d4f16916e05906b6b75a6c0fb5db821cc65e70cbd64a3e2a5eaae",
                "sha256:fc323ffcaeaed0e0a02bf4d117757b98aed530d9ed4531e3e15460124c106691"
            ],
            "version": "==3.0.4"
        },
        "idna": {
            "hashes": [
                "sha256:b307872f855b18632ce0c21c5e45be78c0ea7ae4c15c828c20788b26921eb3f6",
                "sha256:b97d804b1e9b523befed77c48dacec60e6dcb0b5391d57af6a65a312a90648c0"
            ],
            "markers": "python_version >= '2.7' and python_version not in '3.0, 3.1, 3.2, 3.3'",
            "version": "==2.10"
        },
        "pycryptodomex": {
            "hashes": [
                "sha256:1537d2d15b604b303aef56e7f440895a1c81adbee786b91f1f06eddc34da5314",
                "sha256:1d20ab8369b7558168fc014a0745c678613f9f486dae468cca2d68145196b8a4",
                "sha256:1ecc9db7409db67765eb008e558879d298406642d33ade43a6488224d23e8081",
                "sha256:37033976f72af829fe15f7fe5fe1dbed308cc43a98d9dd9d2a0a76de8ca5ee78",
                "sha256:3c3dd9d4c9c1e279d3945ae422895c901f98987333acc132dc094faf52afec35",
                "sha256:3c9b3fba037ea52c626060c5a87ee6de7e86c99e8a7c6ee07302539985d2bd64",
                "sha256:45ee555fc5e28c119a46d44ce373f5237e54a35c61b750fb3a94446b09855dbc",
                "sha256:4c93038ac011b36512cb0bf2ee3e2aec774e8bc81021d015917c89fe02bb0ee5",
                "sha256:50163324834edd0c9ce3e4512ded3e221c969086e10fdd5d3fdcaadac5e24a78",
                "sha256:59b0ea9cda5490f924771456912a225d8d9e678891f9f986661af718534719b2",
                "sha256:5cf306a17cccc327a33cdc3845629fa13f4573a4ec620ed607c79cf6785f2e27",
                "sha256:5fff8da399af16a1855f58771223acbbdac720b9969cd03fc5013d2e9a7bd9a4",
                "sha256:68650ce5b9f7152b8283302a4617269f821695a612692640dd247bd12ab21c0b",
                "sha256:6b3a9a562688996f760b5077714c3ab8b62ca56061b6e9ab7906841e43e19f91",
                "sha256:7e938ed51a59e29431ea86fab60423ada2757728db0f78952329fa02a789bd31",
                "sha256:87aa70daad6f039e814790a06422a3189311198b674b62f13933a2bdcb6b1bcc",
                "sha256:99be3a1df2b2b9f731ebe1c264a2c07c465e71cee68e35e1640b645b5213a755",
                "sha256:a3f2908666e6f74b8c4893f86dd02e16170f50e4a78ae7f3468b6208d54bc205",
                "sha256:ae3d44a639fd11dbdeca47e35e94febb1ee8bc15daf26673331add37146e0b85",
                "sha256:afb4c2fa3c6f492fd9a8b38d76e13f32d429b8e5e1e00238309391b5591cde0d",
                "sha256:b1515ce3a8a2c3fa537d137c5ca5f8b7a902044d04e07d7c3aa26c3e026120fb",
                "sha256:bf391b377413a197000b43ef2b74359974d8927d329a897c9f5ba7b63dca7b9c",
                "sha256:c436919117c23355740c669f89720673578b9aa4569bbfe105f6c10101fc1966",
                "sha256:d2c3c280975638e2a2c2fd9cb36ab111980219757fa163a2755594b9448e4138",
                "sha256:e585d530764c459cbd5d460aed0288807bb881f376ca9a20e653645217895961",
                "sha256:e76e6638ead4a7d93262a24218f0ff3ff74de6b6c823b7e19dccb31b6a481978",
                "sha256:ebfc2f885cafda076c31ae30fa0dd81e7e919ec34059a88d3018ed66e83fcce3",
                "sha256:f5797a39933a3d41526da60856735e6684b2b71a8ca99d5f79555ca121be2f4b",
                "sha256:f7e5fc5e124200b19a14be33fb0099e956e6ebb5e25d287b0829ef0a78ed76c7",
                "sha256:fb350e31e55211fec8ddc89fc0256f3b9bc3b44b68a8bde1cf44b3b4e80c0e42"
            ],
            "markers": "python_version >= '2.6' and python_version not in '3.0, 3.1, 3.2, 3.3'",
            "version": "==3.9.7"
        },
        "requests": {
            "hashes": [
                "sha256:43999036bfa82904b6af1d99e4882b560e5e2c68e5c4b0aa03b655f3d7d73fee",
                "sha256:5d2d0ffbb515f39417009a46c14256291061ac01ba8f875b90cad137de83beb4",
                "sha256:b3f43d496c6daba4493e7c431722aeb7dbc6288f52a6e04e7b6023b0247817e6"
            ],
            "markers": "python_version >= '2.7' and python_version not in '3.0, 3.1, 3.2, 3.3, 3.4'",
            "version": "==2.23.0"
        },
        "simplejson": {
            "hashes": [
                "sha256:0fe3994207485efb63d8f10a833ff31236ed27e3b23dadd0bf51c9900313f8f2",
                "sha256:17163e643dbf125bb552de17c826b0161c68c970335d270e174363d19e7ea882",
                "sha256:1d1e929cdd15151f3c0b2efe953b3281b2fd5ad5f234f77aca725f28486466f6",
                "sha256:1d346c2c1d7dd79c118f0cc7ec5a1c4127e0c8ffc83e7b13fc5709ff78c9bb84",
                "sha256:1ea59f570b9d4916ae5540a9181f9c978e16863383738b69a70363bc5e63c4cb",
                "sha256:1fbba86098bbfc1f85c5b69dc9a6d009055104354e0d9880bb00b692e30e0078",
                "sha256:229edb079d5dd81bf12da952d4d825bd68d1241381b37d3acf961b384c9934de",
                "sha256:22a7acb81968a7c64eba7526af2cf566e7e2ded1cb5c83f0906b17ff1540f866",
                "sha256:2b4b2b738b3b99819a17feaf118265d0753d5536049ea570b3c43b51c4701e81",
                "sha256:4cf91aab51b02b3327c9d51897960c554f00891f9b31abd8a2f50fd4a0071ce8",
                "sha256:4fd5f79590694ebff8dc980708e1c182d41ce1fda599a12189f0ca96bf41ad70",
                "sha256:5cfd495527f8b85ce21db806567de52d98f5078a8e9427b18e251c68bd573a26",
                "sha256:60aad424e47c5803276e332b2a861ed7a0d46560e8af53790c4c4fb3420c26c2",
                "sha256:7739940d68b200877a15a5ff5149e1599737d6dd55e302625650629350466418",
                "sha256:7cce4bac7e0d66f3a080b80212c2238e063211fe327f98d764c6acbc214497fc",
                "sha256:8027bd5f1e633eb61b8239994e6fc3aba0346e76294beac22a892eb8faa92ba1",
                "sha256:86afc5b5cbd42d706efd33f280fec7bd7e2772ef54e3f34cf6b30777cd19a614",
                "sha256:87d349517b572964350cc1adc5a31b493bbcee284505e81637d0174b2758ba17",
                "sha256:8de378d589eccbc75941e480b4d5b4db66f22e4232f87543b136b1f093fff342",
                "sha256:926bcbef9eb60e798eabda9cd0bbcb0fca70d2779aa0aa56845749d973eb7ad5",
                "sha256:9a126c3a91df5b1403e965ba63b304a50b53d8efc908a8c71545ed72535374a3",
                "sha256:ad8dd3454d0c65c0f92945ac86f7b9efb67fa2040ba1b0189540e984df904378",
                "sha256:d140e9376e7f73c1f9e0a8e3836caf5eec57bbafd99259d56979da05a6356388",
                "sha256:da00675e5e483ead345429d4f1374ab8b949fba4429d60e71ee9d030ced64037",
                "sha256:daaf4d11db982791be74b23ff4729af2c7da79316de0bebf880fa2d60bcc8c5a",
                "sha256:f4b64a1031acf33e281fd9052336d6dad4d35eee3404c95431c8c6bc7a9c0588",
                "sha256:fc046afda0ed8f5295212068266c92991ab1f4a50c6a7144b69364bdee4a0159",
                "sha256:fc9051d249dd5512e541f20330a74592f7a65b2d62e18122ca89bf71f94db748"
            ],
            "version": "==3.17.0"
        },
        "urllib3": {
            "hashes": [
                "sha256:2f3db8b19923a873b3e5256dc9c2dedfa883e33d87c690d9c7913e1f40673cdc",
                "sha256:87716c2d2a7121198ebcb7ce7cccf6ce5e9ba539041cfbaeecfb641dc0bf6acc"
            ],
            "markers": "python_version >= '2.7' and python_version not in '3.0, 3.1, 3.2, 3.3, 3.4' and python_version < '4'",
            "version": "==1.25.8"
        }
    },
    "develop": {}
}
